
Microsoft Visual Studio Solution File, Format Version 12.00
# Visual Studio Version 17
VisualStudioVersion = 17.11.35219.272
MinimumVisualStudioVersion = 10.0.40219.1
Project("{FAE04EC0-301F-11D3-BF4B-00C04F79EFBC}") = "Buivol_web", "Buivol_web.csproj", "{35A70CE8-FC2C-426B-95B5-A0F08E601E69}"
EndProject
Global
	GlobalSection(SolutionConfigurationPlatforms) = preSolution
		Debug|Any CPU = Debug|Any CPU
		Release|Any CPU = Release|Any CPU
	EndGlobalSection
	GlobalSection(ProjectConfigurationPlatforms) = postSolution
		{35A70CE8-FC2C-426B-95B5-A0F08E601E69}.Debug|Any CPU.ActiveCfg = Debug|Any CPU
		{35A70CE8-FC2C-426B-95B5-A0F08E601E69}.Debug|Any CPU.Build.0 = Debug|Any CPU
		{35A70CE8-FC2C-426B-95B5-A0F08E601E69}.Release|Any CPU.ActiveCfg = Release|Any CPU
		{35A70CE8-FC2C-426B-95B5-A0F08E601E69}.Release|Any CPU.Build.0 = Release|Any CPU
	EndGlobalSection
	GlobalSection(SolutionProperties) = preSolution
		HideSolutionNode = FALSE
	EndGlobalSection
	GlobalSection(ExtensibilityGlobals) = postSolution
		SolutionGuid = {06D832D0-AFFE-409C-A74E-681526226E13}
	EndGlobalSection
EndGlobal
